
Microsoft Visual Studio Solution File, Format Version 12.00
# Visual Studio 15
VisualStudioVersion = 15.0.27703.2035
MinimumVisualStudioVersion = 10.0.40219.1
Project("{FAE04EC0-301F-11D3-BF4B-00C04F79EFBC}") = "VotacaoEstampas", "VotacaoEstampas\VotacaoEstampas\VotacaoEstampas.csproj", "{4F6242E3-9CCE-49CA-B577-30B7A45684AA}"
EndProject
Project("{FAE04EC0-301F-11D3-BF4B-00C04F79EFBC}") = "VotacaoEstampas.Droid", "VotacaoEstampas\VotacaoEstampas.Droid\VotacaoEstampas.Droid.csproj", "{C5D4E04F-377E-43DC-B9A4-988C7934A843}"
EndProject
Project("{FAE04EC0-301F-11D3-BF4B-00C04F79EFBC}") = "VotacaoEstampas.UWP", "VotacaoEstampas\VotacaoEstampas.UWP\VotacaoEstampas.UWP.csproj", "{53D83A93-521D-407F-BA15-57FDE4A19E2B}"
EndProject
Global
	GlobalSection(SolutionConfigurationPlatforms) = preSolution
		Ad-Hoc|Any CPU = Ad-Hoc|Any CPU
		Ad-Hoc|ARM = Ad-Hoc|ARM
		Ad-Hoc|iPhone = Ad-Hoc|iPhone
		Ad-Hoc|iPhoneSimulator = Ad-Hoc|iPhoneSimulator
		Ad-Hoc|x64 = Ad-Hoc|x64
		Ad-Hoc|x86 = Ad-Hoc|x86
		AppStore|Any CPU = AppStore|Any CPU
		AppStore|ARM = AppStore|ARM
		AppStore|iPhone = AppStore|iPhone
		AppStore|iPhoneSimulator = AppStore|iPhoneSimulator
		AppStore|x64 = AppStore|x64
		AppStore|x86 = AppStore|x86
		Debug|Any CPU = Debug|Any CPU
		Debug|ARM = Debug|ARM
		Debug|iPhone = Debug|iPhone
		Debug|iPhoneSimulator = Debug|iPhoneSimulator
		Debug|x64 = Debug|x64
		Debug|x86 = Debug|x86
		Release|Any CPU = Release|Any CPU
		Release|ARM = Release|ARM
		Release|iPhone = Release|iPhone
		Release|iPhoneSimulator = Release|iPhoneSimulator
		Release|x64 = Release|x64
		Release|x86 = Release|x86
	EndGlobalSection
	GlobalSection(ProjectConfigurationPlatforms) = postSolution
		{4F6242E3-9CCE-49CA-B577-30B7A45684AA}.Ad-Hoc|Any CPU.ActiveCfg = Release|Any CPU
		{4F6242E3-9CCE-49CA-B577-30B7A45684AA}.Ad-Hoc|Any CPU.Build.0 = Release|Any CPU
		{4F6242E3-9CCE-49CA-B577-30B7A45684AA}.Ad-Hoc|ARM.ActiveCfg = Release|Any CPU
		{4F6242E3-9CCE-49CA-B577-30B7A45684AA}.Ad-Hoc|ARM.Build.0 = Release|Any CPU
		{4F6242E3-9CCE-49CA-B577-30B7A45684AA}.Ad-Hoc|iPhone.ActiveCfg = Release|Any CPU
		{4F6242E3-9CCE-49CA-B577-30B7A45684AA}.Ad-Hoc|iPhone.Build.0 = Release|Any CPU
		{4F6242E3-9CCE-49CA-B577-30B7A45684AA}.Ad-Hoc|iPhoneSimulator.ActiveCfg = Release|Any CPU
		{4F6242E3-9CCE-49CA-B577-30B7A45684AA}.Ad-Hoc|iPhoneSimulator.Build.0 = Release|Any CPU
		{4F6242E3-9CCE-49CA-B577-30B7A45684AA}.Ad-Hoc|x64.ActiveCfg = Release|Any CPU
		{4F6242E3-9CCE-49CA-B577-30B7A45684AA}.Ad-Hoc|x64.Build.0 = Release|Any CPU
		{4F6242E3-9CCE-49CA-B577-30B7A45684AA}.Ad-Hoc|x86.ActiveCfg = Release|Any CPU
		{4F6242E3-9CCE-49CA-B577-30B7A45684AA}.Ad-Hoc|x86.Build.0 = Release|Any CPU
		{4F6242E3-9CCE-49CA-B577-30B7A45684AA}.AppStore|Any CPU.ActiveCfg = Release|Any CPU
		{4F6242E3-9CCE-49CA-B577-30B7A45684AA}.AppStore|Any CPU.Build.0 = Release|Any CPU
		{4F6242E3-9CCE-49CA-B577-30B7A45684AA}.AppStore|ARM.ActiveCfg = Release|Any CPU
		{4F6242E3-9CCE-49CA-B577-30B7A45684AA}.AppStore|ARM.Build.0 = Release|Any CPU
		{4F6242E3-9CCE-49CA-B577-30B7A45684AA}.AppStore|iPhone.ActiveCfg = Release|Any CPU
		{4F6242E3-9CCE-49CA-B577-30B7A45684AA}.AppStore|iPhone.Build.0 = Release|Any CPU
		{4F6242E3-9CCE-49CA-B577-30B7A45684AA}.AppStore|iPhoneSimulator.ActiveCfg = Release|Any CPU
		{4F6242E3-9CCE-49CA-B577-30B7A45684AA}.AppStore|iPhoneSimulator.Build.0 = Release|Any CPU
		{4F6242E3-9CCE-49CA-B577-30B7A45684AA}.AppStore|x64.ActiveCfg = Release|Any CPU
		{4F6242E3-9CCE-49CA-B577-30B7A45684AA}.AppStore|x64.Build.0 = Release|Any CPU
		{4F6242E3-9CCE-49CA-B577-30B7A45684AA}.AppStore|x86.ActiveCfg = Release|Any CPU
		{4F6242E3-9CCE-49CA-B577-30B7A45684AA}.AppStore|x86.Build.0 = Release|Any CPU
		{4F6242E3-9CCE-49CA-B577-30B7A45684AA}.Debug|Any CPU.ActiveCfg = Debug|Any CPU
		{4F6242E3-9CCE-49CA-B577-30B7A45684AA}.Debug|Any CPU.Build.0 = Debug|Any CPU
		{4F6242E3-9CCE-49CA-B577-30B7A45684AA}.Debug|ARM.ActiveCfg = Debug|Any CPU
		{4F6242E3-9CCE-49CA-B577-30B7A45684AA}.Debug|ARM.Build.0 = Debug|Any CPU
		{4F6242E3-9CCE-49CA-B577-30B7A45684AA}.Debug|iPhone.ActiveCfg = Debug|Any CPU
		{4F6242E3-9CCE-49CA-B577-30B7A45684AA}.Debug|iPhone.Build.0 = Debug|Any CPU
		{4F6242E3-9CCE-49CA-B577-30B7A45684AA}.Debug|iPhoneSimulator.ActiveCfg = Debug|Any CPU
		{4F6242E3-9CCE-49CA-B577-30B7A45684AA}.Debug|iPhoneSimulator.Build.0 = Debug|Any CPU
		{4F6242E3-9CCE-49CA-B577-30B7A45684AA}.Debug|x64.ActiveCfg = Debug|Any CPU
		{4F6242E3-9CCE-49CA-B577-30B7A45684AA}.Debug|x64.Build.0 = Debug|Any CPU
		{4F6242E3-9CCE-49CA-B577-30B7A45684AA}.Debug|x86.ActiveCfg = Debug|Any CPU
		{4F6242E3-9CCE-49CA-B577-30B7A45684AA}.Debug|x86.Build.0 = Debug|Any CPU
		{4F6242E3-9CCE-49CA-B577-30B7A45684AA}.Release|Any CPU.ActiveCfg = Release|Any CPU
		{4F6242E3-9CCE-49CA-B577-30B7A45684AA}.Release|Any CPU.Build.0 = Release|Any CPU
		{4F6242E3-9CCE-49CA-B577-30B7A45684AA}.Release|ARM.ActiveCfg = Release|Any CPU
		{4F6242E3-9CCE-49CA-B577-30B7A45684AA}.Release|ARM.Build.0 = Release|Any CPU
		{4F6242E3-9CCE-49CA-B577-30B7A45684AA}.Release|iPhone.ActiveCfg = Release|Any CPU
		{4F6242E3-9CCE-49CA-B577-30B7A45684AA}.Release|iPhone.Build.0 = Release|Any CPU
		{4F6242E3-9CCE-49CA-B577-30B7A45684AA}.Release|iPhoneSimulator.ActiveCfg = Release|Any CPU
		{4F6242E3-9CCE-49CA-B577-30B7A45684AA}.Release|iPhoneSimulator.Build.0 = Release|Any CPU
		{4F6242E3-9CCE-49CA-B577-30B7A45684AA}.Release|x64.ActiveCfg = Release|Any CPU
		{4F6242E3-9CCE-49CA-B577-30B7A45684AA}.Release|x64.Build.0 = Release|Any CPU
		{4F6242E3-9CCE-49CA-B577-30B7A45684AA}.Release|x86.ActiveCfg = Release|Any CPU
		{4F6242E3-9CCE-49CA-B577-30B7A45684AA}.Release|x86.Build.0 = Release|Any CPU
		{C5D4E04F-377E-43DC-B9A4-988C7934A843}.Ad-Hoc|Any CPU.ActiveCfg = Release|Any CPU
		{C5D4E04F-377E-43DC-B9A4-988C7934A843}.Ad-Hoc|Any CPU.Build.0 = Release|Any CPU
		{C5D4E04F-377E-43DC-B9A4-988C7934A843}.Ad-Hoc|Any CPU.Deploy.0 = Release|Any CPU
		{C5D4E04F-377E-43DC-B9A4-988C7934A843}.Ad-Hoc|ARM.ActiveCfg = Release|Any CPU
		{C5D4E04F-377E-43DC-B9A4-988C7934A843}.Ad-Hoc|ARM.Build.0 = Release|Any CPU
		{C5D4E04F-377E-43DC-B9A4-988C7934A843}.Ad-Hoc|ARM.Deploy.0 = Release|Any CPU
		{C5D4E04F-377E-43DC-B9A4-988C7934A843}.Ad-Hoc|iPhone.ActiveCfg = Release|Any CPU
		{C5D4E04F-377E-43DC-B9A4-988C7934A843}.Ad-Hoc|iPhone.Build.0 = Release|Any CPU
		{C5D4E04F-377E-43DC-B9A4-988C7934A843}.Ad-Hoc|iPhone.Deploy.0 = Release|Any CPU
		{C5D4E04F-377E-43DC-B9A4-988C7934A843}.Ad-Hoc|iPhoneSimulator.ActiveCfg = Release|Any CPU
		{C5D4E04F-377E-43DC-B9A4-988C7934A843}.Ad-Hoc|iPhoneSimulator.Build.0 = Release|Any CPU
		{C5D4E04F-377E-43DC-B9A4-988C7934A843}.Ad-Hoc|iPhoneSimulator.Deploy.0 = Release|Any CPU
		{C5D4E04F-377E-43DC-B9A4-988C7934A843}.Ad-Hoc|x64.ActiveCfg = Release|Any CPU
		{C5D4E04F-377E-43DC-B9A4-988C7934A843}.Ad-Hoc|x64.Build.0 = Release|Any CPU
		{C5D4E04F-377E-43DC-B9A4-988C7934A843}.Ad-Hoc|x64.Deploy.0 = Release|Any CPU
		{C5D4E04F-377E-43DC-B9A4-988C7934A843}.Ad-Hoc|x86.ActiveCfg = Release|Any CPU
		{C5D4E04F-377E-43DC-B9A4-988C7934A843}.Ad-Hoc|x86.Build.0 = Release|Any CPU
		{C5D4E04F-377E-43DC-B9A4-988C7934A843}.Ad-Hoc|x86.Deploy.0 = Release|Any CPU
		{C5D4E04F-377E-43DC-B9A4-988C7934A843}.AppStore|Any CPU.ActiveCfg = Release|Any CPU
		{C5D4E04F-377E-43DC-B9A4-988C7934A843}.AppStore|Any CPU.Build.0 = Release|Any CPU
		{C5D4E04F-377E-43DC-B9A4-988C7934A843}.AppStore|Any CPU.Deploy.0 = Release|Any CPU
		{C5D4E04F-377E-43DC-B9A4-988C7934A843}.AppStore|ARM.ActiveCfg = Release|Any CPU
		{C5D4E04F-377E-43DC-B9A4-988C7934A843}.AppStore|ARM.Build.0 = Release|Any CPU
		{C5D4E04F-377E-43DC-B9A4-988C7934A843}.AppStore|ARM.Deploy.0 = Release|Any CPU
		{C5D4E04F-377E-43DC-B9A4-988C7934A843}.AppStore|iPhone.ActiveCfg = Release|Any CPU
		{C5D4E04F-377E-43DC-B9A4-988C7934A843}.AppStore|iPhone.Build.0 = Release|Any CPU
		{C5D4E04F-377E-43DC-B9A4-988C7934A843}.AppStore|iPhone.Deploy.0 = Release|Any CPU
		{C5D4E04F-377E-43DC-B9A4-988C7934A843}.AppStore|iPhoneSimulator.ActiveCfg = Release|Any CPU
		{C5D4E04F-377E-43DC-B9A4-988C7934A843}.AppStore|iPhoneSimulator.Build.0 = Release|Any CPU
		{C5D4E04F-377E-43DC-B9A4-988C7934A843}.AppStore|iPhoneSimulator.Deploy.0 = Release|Any CPU
		{C5D4E04F-377E-43DC-B9A4-988C7934A843}.AppStore|x64.ActiveCfg = Release|Any CPU
		{C5D4E04F-377E-43DC-B9A4-988C7934A843}.AppStore|x64.Build.0 = Release|Any CPU
		{C5D4E04F-377E-43DC-B9A4-988C7934A843}.AppStore|x64.Deploy.0 = Release|Any CPU
		{C5D4E04F-377E-43DC-B9A4-988C7934A843}.AppStore|x86.ActiveCfg = Release|Any CPU
		{C5D4E04F-377E-43DC-B9A4-988C7934A843}.AppStore|x86.Build.0 = Release|Any CPU
		{C5D4E04F-377E-43DC-B9A4-988C7934A843}.AppStore|x86.Deploy.0 = Release|Any CPU
		{C5D4E04F-377E-43DC-B9A4-988C7934A843}.Debug|Any CPU.ActiveCfg = Debug|Any CPU
		{C5D4E04F-377E-43DC-B9A4-988C7934A843}.Debug|Any CPU.Build.0 = Debug|Any CPU
		{C5D4E04F-377E-43DC-B9A4-988C7934A843}.Debug|Any CPU.Deploy.0 = Debug|Any CPU
		{C5D4E04F-377E-43DC-B9A4-988C7934A843}.Debug|ARM.ActiveCfg = Debug|Any CPU
		{C5D4E04F-377E-43DC-B9A4-988C7934A843}.Debug|ARM.Build.0 = Debug|Any CPU
		{C5D4E04F-377E-43DC-B9A4-988C7934A843}.Debug|ARM.Deploy.0 = Debug|Any CPU
		{C5D4E04F-377E-43DC-B9A4-988C7934A843}.Debug|iPhone.ActiveCfg = Debug|Any CPU
		{C5D4E04F-377E-43DC-B9A4-988C7934A843}.Debug|iPhone.Build.0 = Debug|Any CPU
		{C5D4E04F-377E-43DC-B9A4-988C7934A843}.Debug|iPhone.Deploy.0 = Debug|Any CPU
		{C5D4E04F-377E-43DC-B9A4-988C7934A843}.Debug|iPhoneSimulator.ActiveCfg = Debug|Any CPU
		{C5D4E04F-377E-43DC-B9A4-988C7934A843}.Debug|iPhoneSimulator.Build.0 = Debug|Any CPU
		{C5D4E04F-377E-43DC-B9A4-988C7934A843}.Debug|iPhoneSimulator.Deploy.0 = Debug|Any CPU
		{C5D4E04F-377E-43DC-B9A4-988C7934A843}.Debug|x64.ActiveCfg = Debug|Any CPU
		{C5D4E04F-377E-43DC-B9A4-988C7934A843}.Debug|x64.Build.0 = Debug|Any CPU
		{C5D4E04F-377E-43DC-B9A4-988C7934A843}.Debug|x64.Deploy.0 = Debug|Any CPU
		{C5D4E04F-377E-43DC-B9A4-988C7934A843}.Debug|x86.ActiveCfg = Debug|Any CPU
		{C5D4E04F-377E-43DC-B9A4-988C7934A843}.Debug|x86.Build.0 = Debug|Any CPU
		{C5D4E04F-377E-43DC-B9A4-988C7934A843}.Debug|x86.Deploy.0 = Debug|Any CPU
		{C5D4E04F-377E-43DC-B9A4-988C7934A843}.Release|Any CPU.ActiveCfg = Release|Any CPU
		{C5D4E04F-377E-43DC-B9A4-988C7934A843}.Release|Any CPU.Build.0 = Release|Any CPU
		{C5D4E04F-377E-43DC-B9A4-988C7934A843}.Release|Any CPU.Deploy.0 = Release|Any CPU
		{C5D4E04F-377E-43DC-B9A4-988C7934A843}.Release|ARM.ActiveCfg = Release|Any CPU
		{C5D4E04F-377E-43DC-B9A4-988C7934A843}.Release|ARM.Build.0 = Release|Any CPU
		{C5D4E04F-377E-43DC-B9A4-988C7934A843}.Release|ARM.Deploy.0 = Release|Any CPU
		{C5D4E04F-377E-43DC-B9A4-988C7934A843}.Release|iPhone.ActiveCfg = Release|Any CPU
		{C5D4E04F-377E-43DC-B9A4-988C7934A843}.Release|iPhone.Build.0 = Release|Any CPU
		{C5D4E04F-377E-43DC-B9A4-988C7934A843}.Release|iPhone.Deploy.0 = Release|Any CPU
		{C5D4E04F-377E-43DC-B9A4-988C7934A843}.Release|iPhoneSimulator.ActiveCfg = Release|Any CPU
		{C5D4E04F-377E-43DC-B9A4-988C7934A843}.Release|iPhoneSimulator.Build.0 = Release|Any CPU
		{C5D4E04F-377E-43DC-B9A4-988C7934A843}.Release|iPhoneSimulator.Deploy.0 = Release|Any CPU
		{C5D4E04F-377E-43DC-B9A4-988C7934A843}.Release|x64.ActiveCfg = Release|Any CPU
		{C5D4E04F-377E-43DC-B9A4-988C7934A843}.Release|x64.Build.0 = Release|Any CPU
		{C5D4E04F-377E-43DC-B9A4-988C7934A843}.Release|x64.Deploy.0 = Release|Any CPU
		{C5D4E04F-377E-43DC-B9A4-988C7934A843}.Release|x86.ActiveCfg = Release|Any CPU
		{C5D4E04F-377E-43DC-B9A4-988C7934A843}.Release|x86.Build.0 = Release|Any CPU
		{C5D4E04F-377E-43DC-B9A4-988C7934A843}.Release|x86.Deploy.0 = Release|Any CPU
		{53D83A93-521D-407F-BA15-57FDE4A19E2B}.Ad-Hoc|Any CPU.ActiveCfg = Release|x86
		{53D83A93-521D-407F-BA15-57FDE4A19E2B}.Ad-Hoc|Any CPU.Build.0 = Release|x86
		{53D83A93-521D-407F-BA15-57FDE4A19E2B}.Ad-Hoc|Any CPU.Deploy.0 = Release|x86
		{53D83A93-521D-407F-BA15-57FDE4A19E2B}.Ad-Hoc|ARM.ActiveCfg = Release|ARM
		{53D83A93-521D-407F-BA15-57FDE4A19E2B}.Ad-Hoc|ARM.Build.0 = Release|ARM
		{53D83A93-521D-407F-BA15-57FDE4A19E2B}.Ad-Hoc|ARM.Deploy.0 = Release|ARM
		{53D83A93-521D-407F-BA15-57FDE4A19E2B}.Ad-Hoc|iPhone.ActiveCfg = Release|x86
		{53D83A93-521D-407F-BA15-57FDE4A19E2B}.Ad-Hoc|iPhone.Build.0 = Release|x86
		{53D83A93-521D-407F-BA15-57FDE4A19E2B}.Ad-Hoc|iPhone.Deploy.0 = Release|x86
		{53D83A93-521D-407F-BA15-57FDE4A19E2B}.Ad-Hoc|iPhoneSimulator.ActiveCfg = Release|x86
		{53D83A93-521D-407F-BA15-57FDE4A19E2B}.Ad-Hoc|iPhoneSimulator.Build.0 = Release|x86
		{53D83A93-521D-407F-BA15-57FDE4A19E2B}.Ad-Hoc|iPhoneSimulator.Deploy.0 = Release|x86
		{53D83A93-521D-407F-BA15-57FDE4A19E2B}.Ad-Hoc|x64.ActiveCfg = Release|x64
		{53D83A93-521D-407F-BA15-57FDE4A19E2B}.Ad-Hoc|x64.Build.0 = Release|x64
		{53D83A93-521D-407F-BA15-57FDE4A19E2B}.Ad-Hoc|x64.Deploy.0 = Release|x64
		{53D83A93-521D-407F-BA15-57FDE4A19E2B}.Ad-Hoc|x86.ActiveCfg = Release|x86
		{53D83A93-521D-407F-BA15-57FDE4A19E2B}.Ad-Hoc|x86.Build.0 = Release|x86
		{53D83A93-521D-407F-BA15-57FDE4A19E2B}.Ad-Hoc|x86.Deploy.0 = Release|x86
		{53D83A93-521D-407F-BA15-57FDE4A19E2B}.AppStore|Any CPU.ActiveCfg = Release|x86
		{53D83A93-521D-407F-BA15-57FDE4A19E2B}.AppStore|Any CPU.Build.0 = Release|x86
		{53D83A93-521D-407F-BA15-57FDE4A19E2B}.AppStore|Any CPU.Deploy.0 = Release|x86
		{53D83A93-521D-407F-BA15-57FDE4A19E2B}.AppStore|ARM.ActiveCfg = Release|ARM
		{53D83A93-521D-407F-BA15-57FDE4A19E2B}.AppStore|ARM.Build.0 = Release|ARM
		{53D83A93-521D-407F-BA15-57FDE4A19E2B}.AppStore|ARM.Deploy.0 = Release|ARM
		{53D83A93-521D-407F-BA15-57FDE4A19E2B}.AppStore|iPhone.ActiveCfg = Release|x86
		{53D83A93-521D-407F-BA15-57FDE4A19E2B}.AppStore|iPhone.Build.0 = Release|x86
		{53D83A93-521D-407F-BA15-57FDE4A19E2B}.AppStore|iPhone.Deploy.0 = Release|x86
		{53D83A93-521D-407F-BA15-57FDE4A19E2B}.AppStore|iPhoneSimulator.ActiveCfg = Release|x86
		{53D83A93-521D-407F-BA15-57FDE4A19E2B}.AppStore|iPhoneSimulator.Build.0 = Release|x86
		{53D83A93-521D-407F-BA15-57FDE4A19E2B}.AppStore|iPhoneSimulator.Deploy.0 = Release|x86
		{53D83A93-521D-407F-BA15-57FDE4A19E2B}.AppStore|x64.ActiveCfg = Release|x64
		{53D83A93-521D-407F-BA15-57FDE4A19E2B}.AppStore|x64.Build.0 = Release|x64
		{53D83A93-521D-407F-BA15-57FDE4A19E2B}.AppStore|x64.Deploy.0 = Release|x64
		{53D83A93-521D-407F-BA15-57FDE4A19E2B}.AppStore|x86.ActiveCfg = Release|x86
		{53D83A93-521D-407F-BA15-57FDE4A19E2B}.AppStore|x86.Build.0 = Release|x86
		{53D83A93-521D-407F-BA15-57FDE4A19E2B}.AppStore|x86.Deploy.0 = Release|x86
		{53D83A93-521D-407F-BA15-57FDE4A19E2B}.Debug|Any CPU.ActiveCfg = Debug|x86
		{53D83A93-521D-407F-BA15-57FDE4A19E2B}.Debug|ARM.ActiveCfg = Debug|ARM
		{53D83A93-521D-407F-BA15-57FDE4A19E2B}.Debug|ARM.Build.0 = Debug|ARM
		{53D83A93-521D-407F-BA15-57FDE4A19E2B}.Debug|ARM.Deploy.0 = Debug|ARM
		{53D83A93-521D-407F-BA15-57FDE4A19E2B}.Debug|iPhone.ActiveCfg = Debug|x86
		{53D83A93-521D-407F-BA15-57FDE4A19E2B}.Debug|iPhoneSimulator.ActiveCfg = Debug|x86
		{53D83A93-521D-407F-BA15-57FDE4A19E2B}.Debug|x64.ActiveCfg = Debug|x64
		{53D83A93-521D-407F-BA15-57FDE4A19E2B}.Debug|x64.Build.0 = Debug|x64
		{53D83A93-521D-407F-BA15-57FDE4A19E2B}.Debug|x64.Deploy.0 = Debug|x64
		{53D83A93-521D-407F-BA15-57FDE4A19E2B}.Debug|x86.ActiveCfg = Debug|x86
		{53D83A93-521D-407F-BA15-57FDE4A19E2B}.Debug|x86.Build.0 = Debug|x86
		{53D83A93-521D-407F-BA15-57FDE4A19E2B}.Debug|x86.Deploy.0 = Debug|x86
		{53D83A93-521D-407F-BA15-57FDE4A19E2B}.Release|Any CPU.ActiveCfg = Release|x86
		{53D83A93-521D-407F-BA15-57FDE4A19E2B}.Release|ARM.ActiveCfg = Release|ARM
		{53D83A93-521D-407F-BA15-57FDE4A19E2B}.Release|ARM.Build.0 = Release|ARM
		{53D83A93-521D-407F-BA15-57FDE4A19E2B}.Release|ARM.Deploy.0 = Release|ARM
		{53D83A93-521D-407F-BA15-57FDE4A19E2B}.Release|iPhone.ActiveCfg = Release|x86
		{53D83A93-521D-407F-BA15-57FDE4A19E2B}.Release|iPhoneSimulator.ActiveCfg = Release|x86
		{53D83A93-521D-407F-BA15-57FDE4A19E2B}.Release|x64.ActiveCfg = Release|x64
		{53D83A93-521D-407F-BA15-57FDE4A19E2B}.Release|x64.Build.0 = Release|x64
		{53D83A93-521D-407F-BA15-57FDE4A19E2B}.Release|x64.Deploy.0 = Release|x64
		{53D83A93-521D-407F-BA15-57FDE4A19E2B}.Release|x86.ActiveCfg = Release|x86
		{53D83A93-521D-407F-BA15-57FDE4A19E2B}.Release|x86.Build.0 = Release|x86
		{53D83A93-521D-407F-BA15-57FDE4A19E2B}.Release|x86.Deploy.0 = Release|x86
	EndGlobalSection
	GlobalSection(SolutionProperties) = preSolution
		HideSolutionNode = FALSE
	EndGlobalSection
	GlobalSection(ExtensibilityGlobals) = postSolution
		SolutionGuid = {56B8789B-1810-42DA-8404-0A739DBD11FC}
	EndGlobalSection
EndGlobal
